
Microsoft Visual Studio Solution File, Format Version 12.00
# Visual Studio 15
VisualStudioVersion = 15.0.26430.16
MinimumVisualStudioVersion = 10.0.40219.1
Project("{DA7A21FA-8162-4350-AD77-A8D1B671F3ED}") = "rproject4", "rproject4\rproject4.rxproj", "{BD2BBB46-A5D6-43F4-9F19-6699B96C0B50}"
EndProject
Global
	GlobalSection(SolutionConfigurationPlatforms) = preSolution
		Debug|Any CPU = Debug|Any CPU
		Release|Any CPU = Release|Any CPU
	EndGlobalSection
	GlobalSection(ProjectConfigurationPlatforms) = postSolution
		{BD2BBB46-A5D6-43F4-9F19-6699B96C0B50}.Debug|Any CPU.ActiveCfg = Debug|Any CPU
		{BD2BBB46-A5D6-43F4-9F19-6699B96C0B50}.Debug|Any CPU.Build.0 = Debug|Any CPU
		{BD2BBB46-A5D6-43F4-9F19-6699B96C0B50}.Release|Any CPU.ActiveCfg = Release|Any CPU
		{BD2BBB46-A5D6-43F4-9F19-6699B96C0B50}.Release|Any CPU.Build.0 = Release|Any CPU
	EndGlobalSection
	GlobalSection(SolutionProperties) = preSolution
		HideSolutionNode = FALSE
	EndGlobalSection
EndGlobal
